// !$*UTF8*$!
{
	archiveVersion = 1;
	classes = {
	};
	objectVersion = 46;
	objects = {

/* Begin PBXBuildFile section */
		66439E77195B5F220080849D /* Foundation.framework in Frameworks */ = {isa = PBXBuildFile; fileRef = 66439E76195B5F220080849D /* Foundation.framework */; };
		66439E79195B5F220080849D /* CoreGraphics.framework in Frameworks */ = {isa = PBXBuildFile; fileRef = 66439E78195B5F220080849D /* CoreGraphics.framework */; };
		66439E7B195B5F220080849D /* UIKit.framework in Frameworks */ = {isa = PBXBuildFile; fileRef = 66439E7A195B5F220080849D /* UIKit.framework */; };
		66439E81195B5F220080849D /* InfoPlist.strings in Resources */ = {isa = PBXBuildFile; fileRef = 66439E7F195B5F220080849D /* InfoPlist.strings */; };
		66439E83195B5F220080849D /* main.m in Sources */ = {isa = PBXBuildFile; fileRef = 66439E82195B5F220080849D /* main.m */; };
		66439E87195B5F220080849D /* MPAppDelegate.m in Sources */ = {isa = PBXBuildFile; fileRef = 66439E86195B5F220080849D /* MPAppDelegate.m */; };
		66439E8F195B5F220080849D /* Images.xcassets in Resources */ = {isa = PBXBuildFile; fileRef = 66439E8E195B5F220080849D /* Images.xcassets */; };
		66439E96195B5F220080849D /* XCTest.framework in Frameworks */ = {isa = PBXBuildFile; fileRef = 66439E95195B5F220080849D /* XCTest.framework */; };
		66439E97195B5F220080849D /* Foundation.framework in Frameworks */ = {isa = PBXBuildFile; fileRef = 66439E76195B5F220080849D /* Foundation.framework */; };
		66439E98195B5F220080849D /* UIKit.framework in Frameworks */ = {isa = PBXBuildFile; fileRef = 66439E7A195B5F220080849D /* UIKit.framework */; };
		66439EA0195B5F220080849D /* InfoPlist.strings in Resources */ = {isa = PBXBuildFile; fileRef = 66439E9E195B5F220080849D /* InfoPlist.strings */; };
		66439EA2195B5F220080849D /* MLP_CCG_CounterTests.m in Sources */ = {isa = PBXBuildFile; fileRef = 66439EA1195B5F220080849D /* MLP_CCG_CounterTests.m */; };
		66439EAE195B5F630080849D /* MPCounterViewController.m in Sources */ = {isa = PBXBuildFile; fileRef = 66439EAC195B5F630080849D /* MPCounterViewController.m */; };
		66439EAF195B5F630080849D /* MPCounterViewController.xib in Resources */ = {isa = PBXBuildFile; fileRef = 66439EAD195B5F630080849D /* MPCounterViewController.xib */; };
		66439EB3195B5FCB0080849D /* MPPlayerViewController.m in Sources */ = {isa = PBXBuildFile; fileRef = 66439EB1195B5FCB0080849D /* MPPlayerViewController.m */; };
		66439EB4195B5FCB0080849D /* MPPlayerViewController.xib in Resources */ = {isa = PBXBuildFile; fileRef = 66439EB2195B5FCB0080849D /* MPPlayerViewController.xib */; };
		66439EB7195B63780080849D /* MPScore.m in Sources */ = {isa = PBXBuildFile; fileRef = 66439EB6195B63780080849D /* MPScore.m */; };
		66439EBA195B65BF0080849D /* MPPlayer.m in Sources */ = {isa = PBXBuildFile; fileRef = 66439EB9195B65BF0080849D /* MPPlayer.m */; };
/* End PBXBuildFile section */

/* Begin PBXContainerItemProxy section */
		66439E99195B5F220080849D /* PBXContainerItemProxy */ = {
			isa = PBXContainerItemProxy;
			containerPortal = 66439E6B195B5F220080849D /* Project object */;
			proxyType = 1;
			remoteGlobalIDString = 66439E72195B5F220080849D;
			remoteInfo = "MLP CCG Counter";
		};
/* End PBXContainerItemProxy section */

/* Begin PBXFileReference section */
		66439E73195B5F220080849D /* MLP CCG Counter.app */ = {isa = PBXFileReference; explicitFileType = wrapper.application; includeInIndex = 0; path = "MLP CCG Counter.app"; sourceTree = BUILT_PRODUCTS_DIR; };
		66439E76195B5F220080849D /* Foundation.framework */ = {isa = PBXFileReference; lastKnownFileType = wrapper.framework; name = Foundation.framework; path = System/Library/Frameworks/Foundation.framework; sourceTree = SDKROOT; };
		66439E78195B5F220080849D /* CoreGraphics.framework */ = {isa = PBXFileReference; lastKnownFileType = wrapper.framework; name = CoreGraphics.framework; path = System/Library/Frameworks/CoreGraphics.framework; sourceTree = SDKROOT; };
		66439E7A195B5F220080849D /* UIKit.framework */ = {isa = PBXFileReference; lastKnownFileType = wrapper.framework; name = UIKit.framework; path = System/Library/Frameworks/UIKit.framework; sourceTree = SDKROOT; };
		66439E7E195B5F220080849D /* MLP CCG Counter-Info.plist */ = {isa = PBXFileReference; lastKnownFileType = text.plist.xml; path = "MLP CCG Counter-Info.plist"; sourceTree = "<group>"; };
		66439E80195B5F220080849D /* en */ = {isa = PBXFileReference; lastKnownFileType = text.plist.strings; name = en; path = en.lproj/InfoPlist.strings; sourceTree = "<group>"; };
		66439E82195B5F220080849D /* main.m */ = {isa = PBXFileReference; lastKnownFileType = sourcecode.c.objc; path = main.m; sourceTree = "<group>"; };
		66439E84195B5F220080849D /* MLP CCG Counter-Prefix.pch */ = {isa = PBXFileReference; lastKnownFileType = sourcecode.c.h; path = "MLP CCG Counter-Prefix.pch"; sourceTree = "<group>"; };
		66439E85195B5F220080849D /* MPAppDelegate.h */ = {isa = PBXFileReference; lastKnownFileType = sourcecode.c.h; path = MPAppDelegate.h; sourceTree = "<group>"; };
		66439E86195B5F220080849D /* MPAppDelegate.m */ = {isa = PBXFileReference; lastKnownFileType = sourcecode.c.objc; path = MPAppDelegate.m; sourceTree = "<group>"; };
		66439E8E195B5F220080849D /* Images.xcassets */ = {isa = PBXFileReference; lastKnownFileType = folder.assetcatalog; path = Images.xcassets; sourceTree = "<group>"; };
		66439E94195B5F220080849D /* MLP CCG CounterTests.xctest */ = {isa = PBXFileReference; explicitFileType = wrapper.cfbundle; includeInIndex = 0; path = "MLP CCG CounterTests.xctest"; sourceTree = BUILT_PRODUCTS_DIR; };
		66439E95195B5F220080849D /* XCTest.framework */ = {isa = PBXFileReference; lastKnownFileType = wrapper.framework; name = XCTest.framework; path = Library/Frameworks/XCTest.framework; sourceTree = DEVELOPER_DIR; };
		66439E9D195B5F220080849D /* MLP CCG CounterTests-Info.plist */ = {isa = PBXFileReference; lastKnownFileType = text.plist.xml; path = "MLP CCG CounterTests-Info.plist"; sourceTree = "<group>"; };
		66439E9F195B5F220080849D /* en */ = {isa = PBXFileReference; lastKnownFileType = text.plist.strings; name = en; path = en.lproj/InfoPlist.strings; sourceTree = "<group>"; };
		66439EA1195B5F220080849D /* MLP_CCG_CounterTests.m */ = {isa = PBXFileReference; lastKnownFileType = sourcecode.c.objc; path = MLP_CCG_CounterTests.m; sourceTree = "<group>"; };
		66439EAB195B5F630080849D /* MPCounterViewController.h */ = {isa = PBXFileReference; fileEncoding = 4; lastKnownFileType = sourcecode.c.h; path = MPCounterViewController.h; sourceTree = "<group>"; };
		66439EAC195B5F630080849D /* MPCounterViewController.m */ = {isa = PBXFileReference; fileEncoding = 4; lastKnownFileType = sourcecode.c.objc; path = MPCounterViewController.m; sourceTree = "<group>"; };
		66439EAD195B5F630080849D /* MPCounterViewController.xib */ = {isa = PBXFileReference; fileEncoding = 4; lastKnownFileType = file.xib; path = MPCounterViewController.xib; sourceTree = "<group>"; };
		66439EB0195B5FCB0080849D /* MPPlayerViewController.h */ = {isa = PBXFileReference; fileEncoding = 4; lastKnownFileType = sourcecode.c.h; path = MPPlayerViewController.h; sourceTree = "<group>"; };
		66439EB1195B5FCB0080849D /* MPPlayerViewController.m */ = {isa = PBXFileReference; fileEncoding = 4; lastKnownFileType = sourcecode.c.objc; path = MPPlayerViewController.m; sourceTree = "<group>"; };
		66439EB2195B5FCB0080849D /* MPPlayerViewController.xib */ = {isa = PBXFileReference; fileEncoding = 4; lastKnownFileType = file.xib; path = MPPlayerViewController.xib; sourceTree = "<group>"; };
		66439EB5195B63780080849D /* MPScore.h */ = {isa = PBXFileReference; fileEncoding = 4; lastKnownFileType = sourcecode.c.h; path = MPScore.h; sourceTree = "<group>"; };
		66439EB6195B63780080849D /* MPScore.m */ = {isa = PBXFileReference; fileEncoding = 4; lastKnownFileType = sourcecode.c.objc; path = MPScore.m; sourceTree = "<group>"; };
		66439EB8195B65BF0080849D /* MPPlayer.h */ = {isa = PBXFileReference; fileEncoding = 4; lastKnownFileType = sourcecode.c.h; path = MPPlayer.h; sourceTree = "<group>"; };
		66439EB9195B65BF0080849D /* MPPlayer.m */ = {isa = PBXFileReference; fileEncoding = 4; lastKnownFileType = sourcecode.c.objc; path = MPPlayer.m; sourceTree = "<group>"; };
/* End PBXFileReference section */

/* Begin PBXFrameworksBuildPhase section */
		66439E70195B5F220080849D /* Frameworks */ = {
			isa = PBXFrameworksBuildPhase;
			buildActionMask = 2147483647;
			files = (
				66439E79195B5F220080849D /* CoreGraphics.framework in Frameworks */,
				66439E7B195B5F220080849D /* UIKit.framework in Frameworks */,
				66439E77195B5F220080849D /* Foundation.framework in Frameworks */,
			);
			runOnlyForDeploymentPostprocessing = 0;
		};
		66439E91195B5F220080849D /* Frameworks */ = {
			isa = PBXFrameworksBuildPhase;
			buildActionMask = 2147483647;
			files = (
				66439E96195B5F220080849D /* XCTest.framework in Frameworks */,
				66439E98195B5F220080849D /* UIKit.framework in Frameworks */,
				66439E97195B5F220080849D /* Foundation.framework in Frameworks */,
			);
			runOnlyForDeploymentPostprocessing = 0;
		};
/* End PBXFrameworksBuildPhase section */

/* Begin PBXGroup section */
		66439E6A195B5F220080849D = {
			isa = PBXGroup;
			children = (
				66439E7C195B5F220080849D /* MLP CCG Counter */,
				66439E9B195B5F220080849D /* MLP CCG CounterTests */,
				66439E75195B5F220080849D /* Frameworks */,
				66439E74195B5F220080849D /* Products */,
			);
			sourceTree = "<group>";
		};
		66439E74195B5F220080849D /* Products */ = {
			isa = PBXGroup;
			children = (
				66439E73195B5F220080849D /* MLP CCG Counter.app */,
				66439E94195B5F220080849D /* MLP CCG CounterTests.xctest */,
			);
			name = Products;
			sourceTree = "<group>";
		};
		66439E75195B5F220080849D /* Frameworks */ = {
			isa = PBXGroup;
			children = (
				66439E76195B5F220080849D /* Foundation.framework */,
				66439E78195B5F220080849D /* CoreGraphics.framework */,
				66439E7A195B5F220080849D /* UIKit.framework */,
				66439E95195B5F220080849D /* XCTest.framework */,
			);
			name = Frameworks;
			sourceTree = "<group>";
		};
		66439E7C195B5F220080849D /* MLP CCG Counter */ = {
			isa = PBXGroup;
			children = (
				66439E85195B5F220080849D /* MPAppDelegate.h */,
				66439E86195B5F220080849D /* MPAppDelegate.m */,
				66439E8E195B5F220080849D /* Images.xcassets */,
				66439E7D195B5F220080849D /* Supporting Files */,
				66439EAB195B5F630080849D /* MPCounterViewController.h */,
				66439EAC195B5F630080849D /* MPCounterViewController.m */,
				66439EAD195B5F630080849D /* MPCounterViewController.xib */,
				66439EB0195B5FCB0080849D /* MPPlayerViewController.h */,
				66439EB1195B5FCB0080849D /* MPPlayerViewController.m */,
				66439EB2195B5FCB0080849D /* MPPlayerViewController.xib */,
				66439EB5195B63780080849D /* MPScore.h */,
				66439EB6195B63780080849D /* MPScore.m */,
				66439EB8195B65BF0080849D /* MPPlayer.h */,
				66439EB9195B65BF0080849D /* MPPlayer.m */,
			);
			path = "MLP CCG Counter";
			sourceTree = "<group>";
		};
		66439E7D195B5F220080849D /* Supporting Files */ = {
			isa = PBXGroup;
			children = (
				66439E7E195B5F220080849D /* MLP CCG Counter-Info.plist */,
				66439E7F195B5F220080849D /* InfoPlist.strings */,
				66439E82195B5F220080849D /* main.m */,
				66439E84195B5F220080849D /* MLP CCG Counter-Prefix.pch */,
			);
			name = "Supporting Files";
			sourceTree = "<group>";
		};
		66439E9B195B5F220080849D /* MLP CCG CounterTests */ = {
			isa = PBXGroup;
			children = (
				66439EA1195B5F220080849D /* MLP_CCG_CounterTests.m */,
				66439E9C195B5F220080849D /* Supporting Files */,
			);
			path = "MLP CCG CounterTests";
			sourceTree = "<group>";
		};
		66439E9C195B5F220080849D /* Supporting Files */ = {
			isa = PBXGroup;
			children = (
				66439E9D195B5F220080849D /* MLP CCG CounterTests-Info.plist */,
				66439E9E195B5F220080849D /* InfoPlist.strings */,
			);
			name = "Supporting Files";
			sourceTree = "<group>";
		};
/* End PBXGroup section */

/* Begin PBXNativeTarget section */
		66439E72195B5F220080849D /* MLP CCG Counter */ = {
			isa = PBXNativeTarget;
			buildConfigurationList = 66439EA5195B5F220080849D /* Build configuration list for PBXNativeTarget "MLP CCG Counter" */;
			buildPhases = (
				66439E6F195B5F220080849D /* Sources */,
				66439E70195B5F220080849D /* Frameworks */,
				66439E71195B5F220080849D /* Resources */,
			);
			buildRules = (
			);
			dependencies = (
			);
			name = "MLP CCG Counter";
			productName = "MLP CCG Counter";
			productReference = 66439E73195B5F220080849D /* MLP CCG Counter.app */;
			productType = "com.apple.product-type.application";
		};
		66439E93195B5F220080849D /* MLP CCG CounterTests */ = {
			isa = PBXNativeTarget;
			buildConfigurationList = 66439EA8195B5F220080849D /* Build configuration list for PBXNativeTarget "MLP CCG CounterTests" */;
			buildPhases = (
				66439E90195B5F220080849D /* Sources */,
				66439E91195B5F220080849D /* Frameworks */,
				66439E92195B5F220080849D /* Resources */,
			);
			buildRules = (
			);
			dependencies = (
				66439E9A195B5F220080849D /* PBXTargetDependency */,
			);
			name = "MLP CCG CounterTests";
			productName = "MLP CCG CounterTests";
			productReference = 66439E94195B5F220080849D /* MLP CCG CounterTests.xctest */;
			productType = "com.apple.product-type.bundle.unit-test";
		};
/* End PBXNativeTarget section */

/* Begin PBXProject section */
		66439E6B195B5F220080849D /* Project object */ = {
			isa = PBXProject;
			attributes = {
				CLASSPREFIX = MP;
				LastUpgradeCheck = 0510;
				ORGANIZATIONNAME = "Adam Bellmore";
				TargetAttributes = {
					66439E93195B5F220080849D = {
						TestTargetID = 66439E72195B5F220080849D;
					};
				};
			};
			buildConfigurationList = 66439E6E195B5F220080849D /* Build configuration list for PBXProject "MLP CCG Counter" */;
			compatibilityVersion = "Xcode 3.2";
			developmentRegion = English;
			hasScannedForEncodings = 0;
			knownRegions = (
				en,
				Base,
			);
			mainGroup = 66439E6A195B5F220080849D;
			productRefGroup = 66439E74195B5F220080849D /* Products */;
			projectDirPath = "";
			projectRoot = "";
			targets = (
				66439E72195B5F220080849D /* MLP CCG Counter */,
				66439E93195B5F220080849D /* MLP CCG CounterTests */,
			);
		};
/* End PBXProject section */

/* Begin PBXResourcesBuildPhase section */
		66439E71195B5F220080849D /* Resources */ = {
			isa = PBXResourcesBuildPhase;
			buildActionMask = 2147483647;
			files = (
				66439EB4195B5FCB0080849D /* MPPlayerViewController.xib in Resources */,
				66439E8F195B5F220080849D /* Images.xcassets in Resources */,
				66439EAF195B5F630080849D /* MPCounterViewController.xib in Resources */,
				66439E81195B5F220080849D /* InfoPlist.strings in Resources */,
			);
			runOnlyForDeploymentPostprocessing = 0;
		};
		66439E92195B5F220080849D /* Resources */ = {
			isa = PBXResourcesBuildPhase;
			buildActionMask = 2147483647;
			files = (
				66439EA0195B5F220080849D /* InfoPlist.strings in Resources */,
			);
			runOnlyForDeploymentPostprocessing = 0;
		};
/* End PBXResourcesBuildPhase section */

/* Begin PBXSourcesBuildPhase section */
		66439E6F195B5F220080849D /* Sources */ = {
			isa = PBXSourcesBuildPhase;
			buildActionMask = 2147483647;
			files = (
				66439EB3195B5FCB0080849D /* MPPlayerViewController.m in Sources */,
				66439E83195B5F220080849D /* main.m in Sources */,
				66439E87195B5F220080849D /* MPAppDelegate.m in Sources */,
				66439EB7195B63780080849D /* MPScore.m in Sources */,
				66439EAE195B5F630080849D /* MPCounterViewController.m in Sources */,
				66439EBA195B65BF0080849D /* MPPlayer.m in Sources */,
			);
			runOnlyForDeploymentPostprocessing = 0;
		};
		66439E90195B5F220080849D /* Sources */ = {
			isa = PBXSourcesBuildPhase;
			buildActionMask = 2147483647;
			files = (
				66439EA2195B5F220080849D /* MLP_CCG_CounterTests.m in Sources */,
			);
			runOnlyForDeploymentPostprocessing = 0;
		};
/* End PBXSourcesBuildPhase section */

/* Begin PBXTargetDependency section */
		66439E9A195B5F220080849D /* PBXTargetDependency */ = {
			isa = PBXTargetDependency;
			target = 66439E72195B5F220080849D /* MLP CCG Counter */;
			targetProxy = 66439E99195B5F220080849D /* PBXContainerItemProxy */;
		};
/* End PBXTargetDependency section */

/* Begin PBXVariantGroup section */
		66439E7F195B5F220080849D /* InfoPlist.strings */ = {
			isa = PBXVariantGroup;
			children = (
				66439E80195B5F220080849D /* en */,
			);
			name = InfoPlist.strings;
			sourceTree = "<group>";
		};
		66439E9E195B5F220080849D /* InfoPlist.strings */ = {
			isa = PBXVariantGroup;
			children = (
				66439E9F195B5F220080849D /* en */,
			);
			name = InfoPlist.strings;
			sourceTree = "<group>";
		};
/* End PBXVariantGroup section */

/* Begin XCBuildConfiguration section */
		66439EA3195B5F220080849D /* Debug */ = {
			isa = XCBuildConfiguration;
			buildSettings = {
				ALWAYS_SEARCH_USER_PATHS = NO;
				CLANG_CXX_LANGUAGE_STANDARD = "gnu++0x";
				CLANG_CXX_LIBRARY = "libc++";
				CLANG_ENABLE_MODULES = YES;
				CLANG_ENABLE_OBJC_ARC = YES;
				CLANG_WARN_BOOL_CONVERSION = YES;
				CLANG_WARN_CONSTANT_CONVERSION = YES;
				CLANG_WARN_DIRECT_OBJC_ISA_USAGE = YES_ERROR;
				CLANG_WARN_EMPTY_BODY = YES;
				CLANG_WARN_ENUM_CONVERSION = YES;
				CLANG_WARN_INT_CONVERSION = YES;
				CLANG_WARN_OBJC_ROOT_CLASS = YES_ERROR;
				CLANG_WARN__DUPLICATE_METHOD_MATCH = YES;
				"CODE_SIGN_IDENTITY[sdk=iphoneos*]" = "iPhone Developer";
				COPY_PHASE_STRIP = NO;
				GCC_C_LANGUAGE_STANDARD = gnu99;
				GCC_DYNAMIC_NO_PIC = NO;
				GCC_OPTIMIZATION_LEVEL = 0;
				GCC_PREPROCESSOR_DEFINITIONS = (
					"DEBUG=1",
					"$(inherited)",
				);
				GCC_SYMBOLS_PRIVATE_EXTERN = NO;
				GCC_WARN_64_TO_32_BIT_CONVERSION = YES;
				GCC_WARN_ABOUT_RETURN_TYPE = YES_ERROR;
				GCC_WARN_UNDECLARED_SELECTOR = YES;
				GCC_WARN_UNINITIALIZED_AUTOS = YES_AGGRESSIVE;
				GCC_WARN_UNUSED_FUNCTION = YES;
				GCC_WARN_UNUSED_VARIABLE = YES;
				IPHONEOS_DEPLOYMENT_TARGET = 7.1;
				ONLY_ACTIVE_ARCH = YES;
				SDKROOT = iphoneos;
			};
			name = Debug;
		};
		66439EA4195B5F220080849D /* Release */ = {
			isa = XCBuildConfiguration;
			buildSettings = {
				ALWAYS_SEARCH_USER_PATHS = NO;
				CLANG_CXX_LANGUAGE_STANDARD = "gnu++0x";
				CLANG_CXX_LIBRARY = "libc++";
				CLANG_ENABLE_MODULES = YES;
				CLANG_ENABLE_OBJC_ARC = YES;
				CLANG_WARN_BOOL_CONVERSION = YES;
				CLANG_WARN_CONSTANT_CONVERSION = YES;
				CLANG_WARN_DIRECT_OBJC_ISA_USAGE = YES_ERROR;
				CLANG_WARN_EMPTY_BODY = YES;
				CLANG_WARN_ENUM_CONVERSION = YES;
				CLANG_WARN_INT_CONVERSION = YES;
				CLANG_WARN_OBJC_ROOT_CLASS = YES_ERROR;
				CLANG_WARN__DUPLICATE_METHOD_MATCH = YES;
				"CODE_SIGN_IDENTITY[sdk=iphoneos*]" = "iPhone Developer";
				COPY_PHASE_STRIP = YES;
				ENABLE_NS_ASSERTIONS = NO;
				GCC_C_LANGUAGE_STANDARD = gnu99;
				GCC_WARN_64_TO_32_BIT_CONVERSION = YES;
				GCC_WARN_ABOUT_RETURN_TYPE = YES_ERROR;
				GCC_WARN_UNDECLARED_SELECTOR = YES;
				GCC_WARN_UNINITIALIZED_AUTOS = YES_AGGRESSIVE;
				GCC_WARN_UNUSED_FUNCTION = YES;
				GCC_WARN_UNUSED_VARIABLE = YES;
				IPHONEOS_DEPLOYMENT_TARGET = 7.1;
				SDKROOT = iphoneos;
				VALIDATE_PRODUCT = YES;
			};
			name = Release;
		};
		66439EA6195B5F220080849D /* Debug */ = {
			isa = XCBuildConfiguration;
			buildSettings = {
				ASSETCATALOG_COMPILER_APPICON_NAME = AppIcon;
				ASSETCATALOG_COMPILER_LAUNCHIMAGE_NAME = LaunchImage;
				GCC_PRECOMPILE_PREFIX_HEADER = YES;
				GCC_PREFIX_HEADER = "MLP CCG Counter/MLP CCG Counter-Prefix.pch";
				INFOPLIST_FILE = "MLP CCG Counter/MLP CCG Counter-Info.plist";
				PRODUCT_NAME = "$(TARGET_NAME)";
				WRAPPER_EXTENSION = app;
			};
			name = Debug;
		};
		66439EA7195B5F220080849D /* Release */ = {
			isa = XCBuildConfiguration;
			buildSettings = {
				ASSETCATALOG_COMPILER_APPICON_NAME = AppIcon;
				ASSETCATALOG_COMPILER_LAUNCHIMAGE_NAME = LaunchImage;
				GCC_PRECOMPILE_PREFIX_HEADER = YES;
				GCC_PREFIX_HEADER = "MLP CCG Counter/MLP CCG Counter-Prefix.pch";
				INFOPLIST_FILE = "MLP CCG Counter/MLP CCG Counter-Info.plist";
				PRODUCT_NAME = "$(TARGET_NAME)";
				WRAPPER_EXTENSION = app;
			};
			name = Release;
		};
		66439EA9195B5F220080849D /* Debug */ = {
			isa = XCBuildConfiguration;
			buildSettings = {
				BUNDLE_LOADER = "$(BUILT_PRODUCTS_DIR)/MLP CCG Counter.app/MLP CCG Counter";
				FRAMEWORK_SEARCH_PATHS = (
					"$(SDKROOT)/Developer/Library/Frameworks",
					"$(inherited)",
					"$(DEVELOPER_FRAMEWORKS_DIR)",
				);
				GCC_PRECOMPILE_PREFIX_HEADER = YES;
				GCC_PREFIX_HEADER = "MLP CCG Counter/MLP CCG Counter-Prefix.pch";
				GCC_PREPROCESSOR_DEFINITIONS = (
					"DEBUG=1",
					"$(inherited)",
				);
				INFOPLIST_FILE = "MLP CCG CounterTests/MLP CCG CounterTests-Info.plist";
				PRODUCT_NAME = "$(TARGET_NAME)";
				TEST_HOST = "$(BUNDLE_LOADER)";
				WRAPPER_EXTENSION = xctest;
			};
			name = Debug;
		};
		66439EAA195B5F220080849D /* Release */ = {
			isa = XCBuildConfiguration;
			buildSettings = {
				BUNDLE_LOADER = "$(BUILT_PRODUCTS_DIR)/MLP CCG Counter.app/MLP CCG Counter";
				FRAMEWORK_SEARCH_PATHS = (
					"$(SDKROOT)/Developer/Library/Frameworks",
					"$(inherited)",
					"$(DEVELOPER_FRAMEWORKS_DIR)",
				);
				GCC_PRECOMPILE_PREFIX_HEADER = YES;
				GCC_PREFIX_HEADER = "MLP CCG Counter/MLP CCG Counter-Prefix.pch";
				INFOPLIST_FILE = "MLP CCG CounterTests/MLP CCG CounterTests-Info.plist";
				PRODUCT_NAME = "$(TARGET_NAME)";
				TEST_HOST = "$(BUNDLE_LOADER)";
				WRAPPER_EXTENSION = xctest;
			};
			name = Release;
		};
/* End XCBuildConfiguration section */

/* Begin XCConfigurationList section */
		66439E6E195B5F220080849D /* Build configuration list for PBXProject "MLP CCG Counter" */ = {
			isa = XCConfigurationList;
			buildConfigurations = (
				66439EA3195B5F220080849D /* Debug */,
				66439EA4195B5F220080849D /* Release */,
			);
			defaultConfigurationIsVisible = 0;
			defaultConfigurationName = Release;
		};
		66439EA5195B5F220080849D /* Build configuration list for PBXNativeTarget "MLP CCG Counter" */ = {
			isa = XCConfigurationList;
			buildConfigurations = (
				66439EA6195B5F220080849D /* Debug */,
				66439EA7195B5F220080849D /* Release */,
			);
			defaultConfigurationIsVisible = 0;
		};
		66439EA8195B5F220080849D /* Build configuration list for PBXNativeTarget "MLP CCG CounterTests" */ = {
			isa = XCConfigurationList;
			buildConfigurations = (
				66439EA9195B5F220080849D /* Debug */,
				66439EAA195B5F220080849D /* Release */,
			);
			defaultConfigurationIsVisible = 0;
		};
/* End XCConfigurationList section */
	};
	rootObject = 66439E6B195B5F220080849D /* Project object */;
}
